
Microsoft Visual Studio Solution File, Format Version 12.00
# Visual Studio Version 17
VisualStudioVersion = 17.14.36212.18 d17.14
MinimumVisualStudioVersion = 10.0.40219.1
Project("{FAE04EC0-301F-11D3-BF4B-00C04F79EFBC}") = "TallerAutotecnica", "TallerAutotecnica.csproj", "{1CCCB775-C8D9-4352-90B9-C1E0B9974D98}"
EndProject
Project("{FAE04EC0-301F-11D3-BF4B-00C04F79EFBC}") = "Logica", "..\Logica\Logica.csproj", "{12CC82B5-95D5-49A8-AB98-789DCA3C1D99}"
EndProject
Project("{FAE04EC0-301F-11D3-BF4B-00C04F79EFBC}") = "Datos", "..\Datos\Datos.csproj", "{B9F74090-8E04-472A-9965-2A9E7C22129D}"
EndProject
Global
	GlobalSection(SolutionConfigurationPlatforms) = preSolution
		Debug|Any CPU = Debug|Any CPU
		Release|Any CPU = Release|Any CPU
	EndGlobalSection
	GlobalSection(ProjectConfigurationPlatforms) = postSolution
		{1CCCB775-C8D9-4352-90B9-C1E0B9974D98}.Debug|Any CPU.ActiveCfg = Debug|Any CPU
		{1CCCB775-C8D9-4352-90B9-C1E0B9974D98}.Debug|Any CPU.Build.0 = Debug|Any CPU
		{1CCCB775-C8D9-4352-90B9-C1E0B9974D98}.Release|Any CPU.ActiveCfg = Release|Any CPU
		{1CCCB775-C8D9-4352-90B9-C1E0B9974D98}.Release|Any CPU.Build.0 = Release|Any CPU
		{12CC82B5-95D5-49A8-AB98-789DCA3C1D99}.Debug|Any CPU.ActiveCfg = Debug|Any CPU
		{12CC82B5-95D5-49A8-AB98-789DCA3C1D99}.Debug|Any CPU.Build.0 = Debug|Any CPU
		{12CC82B5-95D5-49A8-AB98-789DCA3C1D99}.Release|Any CPU.ActiveCfg = Release|Any CPU
		{12CC82B5-95D5-49A8-AB98-789DCA3C1D99}.Release|Any CPU.Build.0 = Release|Any CPU
		{B9F74090-8E04-472A-9965-2A9E7C22129D}.Debug|Any CPU.ActiveCfg = Debug|Any CPU
		{B9F74090-8E04-472A-9965-2A9E7C22129D}.Debug|Any CPU.Build.0 = Debug|Any CPU
		{B9F74090-8E04-472A-9965-2A9E7C22129D}.Release|Any CPU.ActiveCfg = Release|Any CPU
		{B9F74090-8E04-472A-9965-2A9E7C22129D}.Release|Any CPU.Build.0 = Release|Any CPU
	EndGlobalSection
	GlobalSection(SolutionProperties) = preSolution
		HideSolutionNode = FALSE
	EndGlobalSection
	GlobalSection(ExtensibilityGlobals) = postSolution
		SolutionGuid = {3B36E019-EB11-4AB1-9029-3193C85D4C1B}
	EndGlobalSection
EndGlobal
